
Microsoft Visual Studio Solution File, Format Version 12.00
# Visual Studio Version 17
VisualStudioVersion = 17.2.32630.192
MinimumVisualStudioVersion = 10.0.40219.1
Project("{FAE04EC0-301F-11D3-BF4B-00C04F79EFBC}") = "ExamExtraCredit", "ExamExtraCredit\ExamExtraCredit.csproj", "{C23E1F15-7C13-4977-9E44-6FA8374BB7BB}"
EndProject
Global
	GlobalSection(SolutionConfigurationPlatforms) = preSolution
		Debug|Any CPU = Debug|Any CPU
		Release|Any CPU = Release|Any CPU
	EndGlobalSection
	GlobalSection(ProjectConfigurationPlatforms) = postSolution
		{C23E1F15-7C13-4977-9E44-6FA8374BB7BB}.Debug|Any CPU.ActiveCfg = Debug|Any CPU
		{C23E1F15-7C13-4977-9E44-6FA8374BB7BB}.Debug|Any CPU.Build.0 = Debug|Any CPU
		{C23E1F15-7C13-4977-9E44-6FA8374BB7BB}.Release|Any CPU.ActiveCfg = Release|Any CPU
		{C23E1F15-7C13-4977-9E44-6FA8374BB7BB}.Release|Any CPU.Build.0 = Release|Any CPU
	EndGlobalSection
	GlobalSection(SolutionProperties) = preSolution
		HideSolutionNode = FALSE
	EndGlobalSection
	GlobalSection(ExtensibilityGlobals) = postSolution
		SolutionGuid = {340B8E03-7AC5-40B8-A85C-397D85CEBD75}
	EndGlobalSection
EndGlobal
